
Microsoft Visual Studio Solution File, Format Version 12.00
# Visual Studio Version 17
VisualStudioVersion = 17.0.31912.275
MinimumVisualStudioVersion = 10.0.40219.1
Project("{9A19103F-16F7-4668-BE54-9A1E7A4F7556}") = "SoapstoneLib", "SoapstoneLib\SoapstoneLib.csproj", "{EDA4DF71-7052-4FD7-A1D0-537C54A88F76}"
EndProject
Project("{9A19103F-16F7-4668-BE54-9A1E7A4F7556}") = "TestConsoleApp", "TestConsoleApp\TestConsoleApp.csproj", "{84E88C5C-67FD-480B-A239-D1F492C7A48F}"
EndProject
Project("{9A19103F-16F7-4668-BE54-9A1E7A4F7556}") = "SoulsFormats", "..\SoulsFormats\SoulsFormats\SoulsFormats.csproj", "{37536028-5402-4C1C-9330-60F14E324589}"
EndProject
Global
	GlobalSection(SolutionConfigurationPlatforms) = preSolution
		Debug|Any CPU = Debug|Any CPU
		Release|Any CPU = Release|Any CPU
	EndGlobalSection
	GlobalSection(ProjectConfigurationPlatforms) = postSolution
		{EDA4DF71-7052-4FD7-A1D0-537C54A88F76}.Debug|Any CPU.ActiveCfg = Debug|Any CPU
		{EDA4DF71-7052-4FD7-A1D0-537C54A88F76}.Debug|Any CPU.Build.0 = Debug|Any CPU
		{EDA4DF71-7052-4FD7-A1D0-537C54A88F76}.Release|Any CPU.ActiveCfg = Release|Any CPU
		{EDA4DF71-7052-4FD7-A1D0-537C54A88F76}.Release|Any CPU.Build.0 = Release|Any CPU
		{84E88C5C-67FD-480B-A239-D1F492C7A48F}.Debug|Any CPU.ActiveCfg = Debug|Any CPU
		{84E88C5C-67FD-480B-A239-D1F492C7A48F}.Debug|Any CPU.Build.0 = Debug|Any CPU
		{84E88C5C-67FD-480B-A239-D1F492C7A48F}.Release|Any CPU.ActiveCfg = Release|Any CPU
		{84E88C5C-67FD-480B-A239-D1F492C7A48F}.Release|Any CPU.Build.0 = Release|Any CPU
		{37536028-5402-4C1C-9330-60F14E324589}.Debug|Any CPU.ActiveCfg = Debug|Any CPU
		{37536028-5402-4C1C-9330-60F14E324589}.Debug|Any CPU.Build.0 = Debug|Any CPU
		{37536028-5402-4C1C-9330-60F14E324589}.Release|Any CPU.ActiveCfg = Release|Any CPU
		{37536028-5402-4C1C-9330-60F14E324589}.Release|Any CPU.Build.0 = Release|Any CPU
	EndGlobalSection
	GlobalSection(SolutionProperties) = preSolution
		HideSolutionNode = FALSE
	EndGlobalSection
	GlobalSection(ExtensibilityGlobals) = postSolution
		SolutionGuid = {2026C74E-D303-4104-A8DC-CB94110BDE17}
	EndGlobalSection
EndGlobal
